
Microsoft Visual Studio Solution File, Format Version 12.00
# Visual Studio Version 16
VisualStudioVersion = 16.0.30225.117
MinimumVisualStudioVersion = 10.0.40219.1
Project("{888888A0-9F3D-457C-B088-3A5042F75D52}") = "ReversingAString", "ReversingAString\ReversingAString.pyproj", "{175D9CA7-306F-4653-BE7B-2833802CF0D3}"
EndProject
Global
	GlobalSection(SolutionConfigurationPlatforms) = preSolution
		Debug|Any CPU = Debug|Any CPU
		Release|Any CPU = Release|Any CPU
	EndGlobalSection
	GlobalSection(ProjectConfigurationPlatforms) = postSolution
		{175D9CA7-306F-4653-BE7B-2833802CF0D3}.Debug|Any CPU.ActiveCfg = Debug|Any CPU
		{175D9CA7-306F-4653-BE7B-2833802CF0D3}.Release|Any CPU.ActiveCfg = Release|Any CPU
	EndGlobalSection
	GlobalSection(SolutionProperties) = preSolution
		HideSolutionNode = FALSE
	EndGlobalSection
	GlobalSection(ExtensibilityGlobals) = postSolution
		SolutionGuid = {2539A446-790C-44A5-8198-87BDF1158376}
	EndGlobalSection
EndGlobal
